
Microsoft Visual Studio Solution File, Format Version 12.00
# Visual Studio Version 17
VisualStudioVersion = 17.6.33513.286
MinimumVisualStudioVersion = 10.0.40219.1
Project("{9A19103F-16F7-4668-BE54-9A1E7A4F7556}") = "hymnforwindows", "hymnforwindows\hymnforwindows.csproj", "{84E54D14-DC12-4F4D-A71D-AE2495017FE5}"
EndProject
Project("{9A19103F-16F7-4668-BE54-9A1E7A4F7556}") = "HymnLibrary", "HymnLibrary\HymnLibrary.csproj", "{423EE9B0-470B-4EC7-B027-F8A4F1524ECC}"
EndProject
Global
	GlobalSection(SolutionConfigurationPlatforms) = preSolution
		Debug|Any CPU = Debug|Any CPU
		Release|Any CPU = Release|Any CPU
	EndGlobalSection
	GlobalSection(ProjectConfigurationPlatforms) = postSolution
		{84E54D14-DC12-4F4D-A71D-AE2495017FE5}.Debug|Any CPU.ActiveCfg = Debug|Any CPU
		{84E54D14-DC12-4F4D-A71D-AE2495017FE5}.Debug|Any CPU.Build.0 = Debug|Any CPU
		{84E54D14-DC12-4F4D-A71D-AE2495017FE5}.Release|Any CPU.ActiveCfg = Release|Any CPU
		{84E54D14-DC12-4F4D-A71D-AE2495017FE5}.Release|Any CPU.Build.0 = Release|Any CPU
		{423EE9B0-470B-4EC7-B027-F8A4F1524ECC}.Debug|Any CPU.ActiveCfg = Debug|Any CPU
		{423EE9B0-470B-4EC7-B027-F8A4F1524ECC}.Debug|Any CPU.Build.0 = Debug|Any CPU
		{423EE9B0-470B-4EC7-B027-F8A4F1524ECC}.Release|Any CPU.ActiveCfg = Release|Any CPU
		{423EE9B0-470B-4EC7-B027-F8A4F1524ECC}.Release|Any CPU.Build.0 = Release|Any CPU
	EndGlobalSection
	GlobalSection(SolutionProperties) = preSolution
		HideSolutionNode = FALSE
	EndGlobalSection
	GlobalSection(ExtensibilityGlobals) = postSolution
		SolutionGuid = {DAD62968-34B0-4B19-BD2B-DC7F1209169D}
	EndGlobalSection
EndGlobal
