
Microsoft Visual Studio Solution File, Format Version 12.00
# Visual Studio Version 17
VisualStudioVersion = 17.6.33513.286
MinimumVisualStudioVersion = 10.0.40219.1
Project("{9A19103F-16F7-4668-BE54-9A1E7A4F7556}") = "hymnforwindows", "hymnforwindows\hymnforwindows.csproj", "{84E54D14-DC12-4F4D-A71D-AE2495017FE5}"
EndProject
Project("{9A19103F-16F7-4668-BE54-9A1E7A4F7556}") = "HymnLibrary", "HymnLibrary\HymnLibrary.csproj", "{423EE9B0-470B-4EC7-B027-F8A4F1524ECC}"
EndProject
Project("{C7167F0D-BC9F-4E6E-AFE1-012C56B48DB5}") = "HymnIntaller", "HymnIntaller\HymnIntaller.wapproj", "{D87C65AD-485D-4162-847B-0597134059D7}"
EndProject
Project("{2150E333-8FDC-42A3-9474-1A3956D46DE8}") = "Installers", "Installers", "{9CCA18FE-A5AF-4407-8D94-8EC8EA1C7067}"
	ProjectSection(SolutionItems) = preProject
		HymnIntaller\AppPackages\HymnIntaller.appinstaller = HymnIntaller\AppPackages\HymnIntaller.appinstaller
	EndProjectSection
EndProject
Global
	GlobalSection(SolutionConfigurationPlatforms) = preSolution
		Debug|Any CPU = Debug|Any CPU
		Debug|ARM = Debug|ARM
		Debug|ARM64 = Debug|ARM64
		Debug|x64 = Debug|x64
		Debug|x86 = Debug|x86
		Release|Any CPU = Release|Any CPU
		Release|ARM = Release|ARM
		Release|ARM64 = Release|ARM64
		Release|x64 = Release|x64
		Release|x86 = Release|x86
	EndGlobalSection
	GlobalSection(ProjectConfigurationPlatforms) = postSolution
		{84E54D14-DC12-4F4D-A71D-AE2495017FE5}.Debug|Any CPU.ActiveCfg = Debug|Any CPU
		{84E54D14-DC12-4F4D-A71D-AE2495017FE5}.Debug|Any CPU.Build.0 = Debug|Any CPU
		{84E54D14-DC12-4F4D-A71D-AE2495017FE5}.Debug|ARM.ActiveCfg = Debug|Any CPU
		{84E54D14-DC12-4F4D-A71D-AE2495017FE5}.Debug|ARM.Build.0 = Debug|Any CPU
		{84E54D14-DC12-4F4D-A71D-AE2495017FE5}.Debug|ARM64.ActiveCfg = Debug|Any CPU
		{84E54D14-DC12-4F4D-A71D-AE2495017FE5}.Debug|ARM64.Build.0 = Debug|Any CPU
		{84E54D14-DC12-4F4D-A71D-AE2495017FE5}.Debug|x64.ActiveCfg = Debug|Any CPU
		{84E54D14-DC12-4F4D-A71D-AE2495017FE5}.Debug|x64.Build.0 = Debug|Any CPU
		{84E54D14-DC12-4F4D-A71D-AE2495017FE5}.Debug|x86.ActiveCfg = Debug|Any CPU
		{84E54D14-DC12-4F4D-A71D-AE2495017FE5}.Debug|x86.Build.0 = Debug|Any CPU
		{84E54D14-DC12-4F4D-A71D-AE2495017FE5}.Release|Any CPU.ActiveCfg = Release|Any CPU
		{84E54D14-DC12-4F4D-A71D-AE2495017FE5}.Release|Any CPU.Build.0 = Release|Any CPU
		{84E54D14-DC12-4F4D-A71D-AE2495017FE5}.Release|ARM.ActiveCfg = Release|Any CPU
		{84E54D14-DC12-4F4D-A71D-AE2495017FE5}.Release|ARM.Build.0 = Release|Any CPU
		{84E54D14-DC12-4F4D-A71D-AE2495017FE5}.Release|ARM64.ActiveCfg = Release|Any CPU
		{84E54D14-DC12-4F4D-A71D-AE2495017FE5}.Release|ARM64.Build.0 = Release|Any CPU
		{84E54D14-DC12-4F4D-A71D-AE2495017FE5}.Release|x64.ActiveCfg = Release|Any CPU
		{84E54D14-DC12-4F4D-A71D-AE2495017FE5}.Release|x64.Build.0 = Release|Any CPU
		{84E54D14-DC12-4F4D-A71D-AE2495017FE5}.Release|x86.ActiveCfg = Release|Any CPU
		{84E54D14-DC12-4F4D-A71D-AE2495017FE5}.Release|x86.Build.0 = Release|Any CPU
		{423EE9B0-470B-4EC7-B027-F8A4F1524ECC}.Debug|Any CPU.ActiveCfg = Debug|Any CPU
		{423EE9B0-470B-4EC7-B027-F8A4F1524ECC}.Debug|Any CPU.Build.0 = Debug|Any CPU
		{423EE9B0-470B-4EC7-B027-F8A4F1524ECC}.Debug|ARM.ActiveCfg = Debug|Any CPU
		{423EE9B0-470B-4EC7-B027-F8A4F1524ECC}.Debug|ARM.Build.0 = Debug|Any CPU
		{423EE9B0-470B-4EC7-B027-F8A4F1524ECC}.Debug|ARM64.ActiveCfg = Debug|Any CPU
		{423EE9B0-470B-4EC7-B027-F8A4F1524ECC}.Debug|ARM64.Build.0 = Debug|Any CPU
		{423EE9B0-470B-4EC7-B027-F8A4F1524ECC}.Debug|x64.ActiveCfg = Debug|Any CPU
		{423EE9B0-470B-4EC7-B027-F8A4F1524ECC}.Debug|x64.Build.0 = Debug|Any CPU
		{423EE9B0-470B-4EC7-B027-F8A4F1524ECC}.Debug|x86.ActiveCfg = Debug|Any CPU
		{423EE9B0-470B-4EC7-B027-F8A4F1524ECC}.Debug|x86.Build.0 = Debug|Any CPU
		{423EE9B0-470B-4EC7-B027-F8A4F1524ECC}.Release|Any CPU.ActiveCfg = Release|Any CPU
		{423EE9B0-470B-4EC7-B027-F8A4F1524ECC}.Release|Any CPU.Build.0 = Release|Any CPU
		{423EE9B0-470B-4EC7-B027-F8A4F1524ECC}.Release|ARM.ActiveCfg = Release|Any CPU
		{423EE9B0-470B-4EC7-B027-F8A4F1524ECC}.Release|ARM.Build.0 = Release|Any CPU
		{423EE9B0-470B-4EC7-B027-F8A4F1524ECC}.Release|ARM64.ActiveCfg = Release|Any CPU
		{423EE9B0-470B-4EC7-B027-F8A4F1524ECC}.Release|ARM64.Build.0 = Release|Any CPU
		{423EE9B0-470B-4EC7-B027-F8A4F1524ECC}.Release|x64.ActiveCfg = Release|Any CPU
		{423EE9B0-470B-4EC7-B027-F8A4F1524ECC}.Release|x64.Build.0 = Release|Any CPU
		{423EE9B0-470B-4EC7-B027-F8A4F1524ECC}.Release|x86.ActiveCfg = Release|Any CPU
		{423EE9B0-470B-4EC7-B027-F8A4F1524ECC}.Release|x86.Build.0 = Release|Any CPU
		{D87C65AD-485D-4162-847B-0597134059D7}.Debug|Any CPU.ActiveCfg = Debug|Any CPU
		{D87C65AD-485D-4162-847B-0597134059D7}.Debug|Any CPU.Build.0 = Debug|Any CPU
		{D87C65AD-485D-4162-847B-0597134059D7}.Debug|Any CPU.Deploy.0 = Debug|Any CPU
		{D87C65AD-485D-4162-847B-0597134059D7}.Debug|ARM.ActiveCfg = Debug|ARM
		{D87C65AD-485D-4162-847B-0597134059D7}.Debug|ARM.Build.0 = Debug|ARM
		{D87C65AD-485D-4162-847B-0597134059D7}.Debug|ARM.Deploy.0 = Debug|ARM
		{D87C65AD-485D-4162-847B-0597134059D7}.Debug|ARM64.ActiveCfg = Debug|ARM64
		{D87C65AD-485D-4162-847B-0597134059D7}.Debug|ARM64.Build.0 = Debug|ARM64
		{D87C65AD-485D-4162-847B-0597134059D7}.Debug|ARM64.Deploy.0 = Debug|ARM64
		{D87C65AD-485D-4162-847B-0597134059D7}.Debug|x64.ActiveCfg = Debug|x64
		{D87C65AD-485D-4162-847B-0597134059D7}.Debug|x64.Build.0 = Debug|x64
		{D87C65AD-485D-4162-847B-0597134059D7}.Debug|x64.Deploy.0 = Debug|x64
		{D87C65AD-485D-4162-847B-0597134059D7}.Debug|x86.ActiveCfg = Debug|x86
		{D87C65AD-485D-4162-847B-0597134059D7}.Debug|x86.Build.0 = Debug|x86
		{D87C65AD-485D-4162-847B-0597134059D7}.Debug|x86.Deploy.0 = Debug|x86
		{D87C65AD-485D-4162-847B-0597134059D7}.Release|Any CPU.ActiveCfg = Release|Any CPU
		{D87C65AD-485D-4162-847B-0597134059D7}.Release|Any CPU.Build.0 = Release|Any CPU
		{D87C65AD-485D-4162-847B-0597134059D7}.Release|Any CPU.Deploy.0 = Release|Any CPU
		{D87C65AD-485D-4162-847B-0597134059D7}.Release|ARM.ActiveCfg = Release|ARM
		{D87C65AD-485D-4162-847B-0597134059D7}.Release|ARM.Build.0 = Release|ARM
		{D87C65AD-485D-4162-847B-0597134059D7}.Release|ARM.Deploy.0 = Release|ARM
		{D87C65AD-485D-4162-847B-0597134059D7}.Release|ARM64.ActiveCfg = Release|ARM64
		{D87C65AD-485D-4162-847B-0597134059D7}.Release|ARM64.Build.0 = Release|ARM64
		{D87C65AD-485D-4162-847B-0597134059D7}.Release|ARM64.Deploy.0 = Release|ARM64
		{D87C65AD-485D-4162-847B-0597134059D7}.Release|x64.ActiveCfg = Release|x64
		{D87C65AD-485D-4162-847B-0597134059D7}.Release|x64.Build.0 = Release|x64
		{D87C65AD-485D-4162-847B-0597134059D7}.Release|x64.Deploy.0 = Release|x64
		{D87C65AD-485D-4162-847B-0597134059D7}.Release|x86.ActiveCfg = Release|x86
		{D87C65AD-485D-4162-847B-0597134059D7}.Release|x86.Build.0 = Release|x86
		{D87C65AD-485D-4162-847B-0597134059D7}.Release|x86.Deploy.0 = Release|x86
	EndGlobalSection
	GlobalSection(SolutionProperties) = preSolution
		HideSolutionNode = FALSE
	EndGlobalSection
	GlobalSection(ExtensibilityGlobals) = postSolution
		SolutionGuid = {DAD62968-34B0-4B19-BD2B-DC7F1209169D}
	EndGlobalSection
EndGlobal
