
Microsoft Visual Studio Solution File, Format Version 12.00
# Visual Studio Version 17
VisualStudioVersion = 17.6.33513.286
MinimumVisualStudioVersion = 10.0.40219.1
Project("{FAE04EC0-301F-11D3-BF4B-00C04F79EFBC}") = "hymnforwindows", "hymnforwindows\hymnforwindows.csproj", "{84E54D14-DC12-4F4D-A71D-AE2495017FE5}"
EndProject
Global
	GlobalSection(SolutionConfigurationPlatforms) = preSolution
		Debug|Any CPU = Debug|Any CPU
		Release|Any CPU = Release|Any CPU
	EndGlobalSection
	GlobalSection(ProjectConfigurationPlatforms) = postSolution
		{84E54D14-DC12-4F4D-A71D-AE2495017FE5}.Debug|Any CPU.ActiveCfg = Debug|Any CPU
		{84E54D14-DC12-4F4D-A71D-AE2495017FE5}.Debug|Any CPU.Build.0 = Debug|Any CPU
		{84E54D14-DC12-4F4D-A71D-AE2495017FE5}.Release|Any CPU.ActiveCfg = Release|Any CPU
		{84E54D14-DC12-4F4D-A71D-AE2495017FE5}.Release|Any CPU.Build.0 = Release|Any CPU
	EndGlobalSection
	GlobalSection(SolutionProperties) = preSolution
		HideSolutionNode = FALSE
	EndGlobalSection
	GlobalSection(ExtensibilityGlobals) = postSolution
		SolutionGuid = {DAD62968-34B0-4B19-BD2B-DC7F1209169D}
	EndGlobalSection
EndGlobal
